
Microsoft Visual Studio Solution File, Format Version 12.00
# Visual Studio Version 17
VisualStudioVersion = 17.7.34018.315
MinimumVisualStudioVersion = 10.0.40219.1
Project("{FAE04EC0-301F-11D3-BF4B-00C04F79EFBC}") = "SysAcadCore", "SysAcadCore\SysAcadCore.csproj", "{1129028F-B633-40DA-9FEF-4000FD0A075F}"
EndProject
Global
	GlobalSection(SolutionConfigurationPlatforms) = preSolution
		Debug|Any CPU = Debug|Any CPU
		Release|Any CPU = Release|Any CPU
	EndGlobalSection
	GlobalSection(ProjectConfigurationPlatforms) = postSolution
		{1129028F-B633-40DA-9FEF-4000FD0A075F}.Debug|Any CPU.ActiveCfg = Debug|Any CPU
		{1129028F-B633-40DA-9FEF-4000FD0A075F}.Debug|Any CPU.Build.0 = Debug|Any CPU
		{1129028F-B633-40DA-9FEF-4000FD0A075F}.Release|Any CPU.ActiveCfg = Release|Any CPU
		{1129028F-B633-40DA-9FEF-4000FD0A075F}.Release|Any CPU.Build.0 = Release|Any CPU
	EndGlobalSection
	GlobalSection(SolutionProperties) = preSolution
		HideSolutionNode = FALSE
	EndGlobalSection
	GlobalSection(ExtensibilityGlobals) = postSolution
		SolutionGuid = {7C317EE4-48EA-4778-81B5-48200A44F571}
	EndGlobalSection
EndGlobal
